
Microsoft Visual Studio Solution File, Format Version 12.00
Project("{FAE04EC0-301F-11D3-BF4B-00C04F79EFBC}") = "Lesson7-19-08-2021", "Lesson7-19-08-2021.csproj", "{27554F70-565C-4686-899F-D40411206B13}"
EndProject
Global
	GlobalSection(SolutionConfigurationPlatforms) = preSolution
		Debug|Any CPU = Debug|Any CPU
		Release|Any CPU = Release|Any CPU
	EndGlobalSection
	GlobalSection(ProjectConfigurationPlatforms) = postSolution
		{27554F70-565C-4686-899F-D40411206B13}.Debug|Any CPU.ActiveCfg = Debug|Any CPU
		{27554F70-565C-4686-899F-D40411206B13}.Debug|Any CPU.Build.0 = Debug|Any CPU
		{27554F70-565C-4686-899F-D40411206B13}.Release|Any CPU.ActiveCfg = Release|Any CPU
		{27554F70-565C-4686-899F-D40411206B13}.Release|Any CPU.Build.0 = Release|Any CPU
	EndGlobalSection
EndGlobal
